# THIS IS AN AUTOGENERATED FILE. DO NOT EDIT THIS FILE DIRECTLY.
# yarn lockfile v1


de-indent@^1.0.2:
  version "1.0.2"
  resolved "https://registry.yarnpkg.com/de-indent/-/de-indent-1.0.2.tgz#b2038e846dc33baa5796128d0804b455b8c1e21d"

he@^1.1.0:
  version "1.1.1"
  resolved "https://registry.yarnpkg.com/he/-/he-1.1.1.tgz#93410fd21b009735151f8868c2f271f3427e23fd"

vue-template-compiler@^2.5.2:
  version "2.5.2"
  resolved "http://registry.npm.qima-inc.com/vue-template-compiler/download/vue-template-compiler-2.5.2.tgz#6f198ebc677b8f804315cd33b91e849315ae7177"
  dependencies:
    de-indent "^1.0.2"
    he "^1.1.0"

vue-template-es2015-compiler@^1.6.0:
  version "1.6.0"
  resolved "http://registry.npm.qima-inc.com/vue-template-es2015-compiler/download/vue-template-es2015-compiler-1.6.0.tgz#dc42697133302ce3017524356a6c61b7b69b4a18"
